# This file is automatically @generated by Cargo.
# It is not intended for manual editing.
version = 4

[[package]]
name = "wifimic_client"
version = "0.1.0"

[[package]]
name = "wifimic_diagnostics"
version = "0.1.0"

[[package]]
name = "wifimic_protocol"
version = "0.1.0"

[[package]]
name = "wifimic_server"
version = "0.1.0"
